
Microsoft Visual Studio Solution File, Format Version 12.00
# Visual Studio 15
VisualStudioVersion = 15.0.27004.2002
MinimumVisualStudioVersion = 10.0.40219.1
Project("{FAE04EC0-301F-11D3-BF4B-00C04F79EFBC}") = "INMETRO.REGOIAS.WEB", "INMETRO.REGOIAS.WEB\INMETRO.REGOIAS.WEB.csproj", "{43BABA8C-750F-4EDC-A0D1-F73FD89A051F}"
EndProject
Global
	GlobalSection(SolutionConfigurationPlatforms) = preSolution
		Debug|Any CPU = Debug|Any CPU
		Release|Any CPU = Release|Any CPU
	EndGlobalSection
	GlobalSection(ProjectConfigurationPlatforms) = postSolution
		{43BABA8C-750F-4EDC-A0D1-F73FD89A051F}.Debug|Any CPU.ActiveCfg = Debug|Any CPU
		{43BABA8C-750F-4EDC-A0D1-F73FD89A051F}.Debug|Any CPU.Build.0 = Debug|Any CPU
		{43BABA8C-750F-4EDC-A0D1-F73FD89A051F}.Release|Any CPU.ActiveCfg = Release|Any CPU
		{43BABA8C-750F-4EDC-A0D1-F73FD89A051F}.Release|Any CPU.Build.0 = Release|Any CPU
	EndGlobalSection
	GlobalSection(SolutionProperties) = preSolution
		HideSolutionNode = FALSE
	EndGlobalSection
	GlobalSection(ExtensibilityGlobals) = postSolution
		SolutionGuid = {EC7B489C-2DB7-44AB-81F0-203CB0F724D3}
	EndGlobalSection
EndGlobal
